
Microsoft Visual Studio Solution File, Format Version 12.00
# Visual Studio 15
VisualStudioVersion = 15.0.28307.329
MinimumVisualStudioVersion = 10.0.40219.1
Project("{F2A71F9B-5D33-465A-A702-920D77279786}") = "TryCollections", "TryCollections\TryCollections.fsproj", "{46DC2CC9-1F3E-4B01-BA8B-12D6E1A4446B}"
EndProject
Project("{F2A71F9B-5D33-465A-A702-920D77279786}") = "TryCollections.Tests", "TryCollections.Tests\TryCollections.Tests.fsproj", "{F97A8676-48A7-46D5-A674-B462A585475C}"
EndProject
Global
	GlobalSection(SolutionConfigurationPlatforms) = preSolution
		Debug|Any CPU = Debug|Any CPU
		Release|Any CPU = Release|Any CPU
	EndGlobalSection
	GlobalSection(ProjectConfigurationPlatforms) = postSolution
		{46DC2CC9-1F3E-4B01-BA8B-12D6E1A4446B}.Debug|Any CPU.ActiveCfg = Debug|Any CPU
		{46DC2CC9-1F3E-4B01-BA8B-12D6E1A4446B}.Debug|Any CPU.Build.0 = Debug|Any CPU
		{46DC2CC9-1F3E-4B01-BA8B-12D6E1A4446B}.Release|Any CPU.ActiveCfg = Release|Any CPU
		{46DC2CC9-1F3E-4B01-BA8B-12D6E1A4446B}.Release|Any CPU.Build.0 = Release|Any CPU
		{F97A8676-48A7-46D5-A674-B462A585475C}.Debug|Any CPU.ActiveCfg = Debug|Any CPU
		{F97A8676-48A7-46D5-A674-B462A585475C}.Debug|Any CPU.Build.0 = Debug|Any CPU
		{F97A8676-48A7-46D5-A674-B462A585475C}.Release|Any CPU.ActiveCfg = Release|Any CPU
		{F97A8676-48A7-46D5-A674-B462A585475C}.Release|Any CPU.Build.0 = Release|Any CPU
	EndGlobalSection
	GlobalSection(SolutionProperties) = preSolution
		HideSolutionNode = FALSE
	EndGlobalSection
	GlobalSection(ExtensibilityGlobals) = postSolution
		SolutionGuid = {95102393-A5B9-448D-A275-418E102FB257}
	EndGlobalSection
EndGlobal
